
Microsoft Visual Studio Solution File, Format Version 11.00
# Visual Studio 2010
Project("{FAE04EC0-301F-11D3-BF4B-00C04F79EFBC}") = "Chef-Commando", "Assembly-CSharp-firstpass.csproj", "{396899D4-9033-0661-CE9F-80CEB8E256B4}"
EndProject
Project("{FAE04EC0-301F-11D3-BF4B-00C04F79EFBC}") = "Chef-Commando", "Assembly-CSharp.csproj", "{3E5679E6-1140-9F4B-43C0-C5A7167CC95F}"
EndProject
Project("{FAE04EC0-301F-11D3-BF4B-00C04F79EFBC}") = "Chef-Commando", "Assembly-CSharp-Editor-firstpass.csproj", "{C2A45C17-ECD8-42CC-1C2F-93CEC47E3127}"
EndProject
Global
	GlobalSection(SolutionConfigurationPlatforms) = preSolution
		Debug|Any CPU = Debug|Any CPU
		Release|Any CPU = Release|Any CPU
	EndGlobalSection
	GlobalSection(ProjectConfigurationPlatforms) = postSolution
		{396899D4-9033-0661-CE9F-80CEB8E256B4}.Debug|Any CPU.ActiveCfg = Debug|Any CPU
		{396899D4-9033-0661-CE9F-80CEB8E256B4}.Debug|Any CPU.Build.0 = Debug|Any CPU
		{396899D4-9033-0661-CE9F-80CEB8E256B4}.Release|Any CPU.ActiveCfg = Release|Any CPU
		{396899D4-9033-0661-CE9F-80CEB8E256B4}.Release|Any CPU.Build.0 = Release|Any CPU
		{3E5679E6-1140-9F4B-43C0-C5A7167CC95F}.Debug|Any CPU.ActiveCfg = Debug|Any CPU
		{3E5679E6-1140-9F4B-43C0-C5A7167CC95F}.Debug|Any CPU.Build.0 = Debug|Any CPU
		{3E5679E6-1140-9F4B-43C0-C5A7167CC95F}.Release|Any CPU.ActiveCfg = Release|Any CPU
		{3E5679E6-1140-9F4B-43C0-C5A7167CC95F}.Release|Any CPU.Build.0 = Release|Any CPU
		{C2A45C17-ECD8-42CC-1C2F-93CEC47E3127}.Debug|Any CPU.ActiveCfg = Debug|Any CPU
		{C2A45C17-ECD8-42CC-1C2F-93CEC47E3127}.Debug|Any CPU.Build.0 = Debug|Any CPU
		{C2A45C17-ECD8-42CC-1C2F-93CEC47E3127}.Release|Any CPU.ActiveCfg = Release|Any CPU
		{C2A45C17-ECD8-42CC-1C2F-93CEC47E3127}.Release|Any CPU.Build.0 = Release|Any CPU
	EndGlobalSection
	GlobalSection(SolutionProperties) = preSolution
		HideSolutionNode = FALSE
	EndGlobalSection
	GlobalSection(MonoDevelopProperties) = preSolution
		StartupItem = Assembly-CSharp.csproj
	EndGlobalSection
EndGlobal
